
Microsoft Visual Studio Solution File, Format Version 12.00
# Visual Studio Version 17
VisualStudioVersion = 17.9.34616.47
MinimumVisualStudioVersion = 10.0.40219.1
Project("{FAE04EC0-301F-11D3-BF4B-00C04F79EFBC}") = "SistemaGestaoEventos", "SistemaGestaoEventos\SistemaGestaoEventos.csproj", "{4FB65E9A-8272-46FC-A354-226A2262B414}"
EndProject
Global
	GlobalSection(SolutionConfigurationPlatforms) = preSolution
		Debug|Any CPU = Debug|Any CPU
		Release|Any CPU = Release|Any CPU
	EndGlobalSection
	GlobalSection(ProjectConfigurationPlatforms) = postSolution
		{4FB65E9A-8272-46FC-A354-226A2262B414}.Debug|Any CPU.ActiveCfg = Debug|Any CPU
		{4FB65E9A-8272-46FC-A354-226A2262B414}.Debug|Any CPU.Build.0 = Debug|Any CPU
		{4FB65E9A-8272-46FC-A354-226A2262B414}.Release|Any CPU.ActiveCfg = Release|Any CPU
		{4FB65E9A-8272-46FC-A354-226A2262B414}.Release|Any CPU.Build.0 = Release|Any CPU
	EndGlobalSection
	GlobalSection(SolutionProperties) = preSolution
		HideSolutionNode = FALSE
	EndGlobalSection
	GlobalSection(ExtensibilityGlobals) = postSolution
		SolutionGuid = {F7A93885-53FB-4390-9BFF-083C7E9EFF35}
	EndGlobalSection
EndGlobal
